<Solution>
  <Folder Name="/src/">
    <Project Path="src/McpFederationGateway.CLI/McpFederationGateway.CLI.csproj" />
    <Project Path="src/McpFederationGateway/McpFederationGateway.csproj" />
    <Project Path="src/McpFederationGateway.TestingCLI/McpFederationGateway.TestingCLI.csproj" />
  </Folder>
  <Folder Name="/tests/">
    <Project Path="tests/DummyServer/DummyServer.csproj" />
  </Folder>
  <Folder Name="/tests/McpFederationGateway.Tests/">
    <Project Path="tests/McpFederationGateway.Tests/McpFederationGateway.Tests/McpFederationGateway.Tests.csproj" />
  </Folder>
</Solution>
